
Microsoft Visual Studio Solution File, Format Version 12.00
# Visual Studio Version 17
VisualStudioVersion = 17.2.32630.192
MinimumVisualStudioVersion = 10.0.40219.1
Project("{9A19103F-16F7-4668-BE54-9A1E7A4F7556}") = "R5T.L0081.Construction", "R5T.L0081.Construction\R5T.L0081.Construction.csproj", "{7533FB19-482C-4795-8ED2-15A71B0D5EB8}"
EndProject
Project("{9A19103F-16F7-4668-BE54-9A1E7A4F7556}") = "R5T.L0081", "R5T.L0081\R5T.L0081.csproj", "{E1B31A2F-CA26-4712-8BE3-1968C3AEAAB5}"
EndProject
Project("{9A19103F-16F7-4668-BE54-9A1E7A4F7556}") = "R5T.L0081.T001", "R5T.L0081.T001\R5T.L0081.T001.csproj", "{37897A43-9B44-45CB-B70F-EE64607261A8}"
EndProject
Project("{2150E333-8FDC-42A3-9474-1A3956D46DE8}") = "_Dependencies", "_Dependencies", "{C4AEFA60-3640-47DC-B4A2-8C2B497391E5}"
EndProject
Project("{9A19103F-16F7-4668-BE54-9A1E7A4F7556}") = "R5T.F0000", "..\..\R5T.F0000\source\R5T.F0000\R5T.F0000.csproj", "{95F87B1C-8AC1-41E6-934A-D6B448FB1E54}"
EndProject
Project("{9A19103F-16F7-4668-BE54-9A1E7A4F7556}") = "R5T.F0002", "..\..\R5T.F0002\source\R5T.F0002\R5T.F0002.csproj", "{7C841D74-75CD-4CA4-8EB3-14462300F106}"
EndProject
Project("{9A19103F-16F7-4668-BE54-9A1E7A4F7556}") = "R5T.F0059", "..\..\R5T.F0059\source\R5T.F0059\R5T.F0059.csproj", "{48260C19-447F-4453-B193-5588FA9935D3}"
EndProject
Project("{9A19103F-16F7-4668-BE54-9A1E7A4F7556}") = "R5T.F0120", "..\..\R5T.F0120\source\R5T.F0120\R5T.F0120.csproj", "{170DA9D3-B95A-46A2-8CA0-F670218157CC}"
EndProject
Project("{9A19103F-16F7-4668-BE54-9A1E7A4F7556}") = "R5T.F0124", "..\..\R5T.F0124\source\R5T.F0124\R5T.F0124.csproj", "{386E9256-C10F-4F7F-A036-ABF350EF66F5}"
EndProject
Project("{9A19103F-16F7-4668-BE54-9A1E7A4F7556}") = "R5T.F0125", "..\..\R5T.F0125\source\R5T.F0125\R5T.F0125.csproj", "{65C1A0AE-5303-4DA3-8728-AF0EC0CA95DF}"
EndProject
Project("{9A19103F-16F7-4668-BE54-9A1E7A4F7556}") = "R5T.L0030.T000", "..\..\R5T.L0030\source\R5T.L0030.T000\R5T.L0030.T000.csproj", "{75A442AC-7D07-4A5C-9631-2392557DA16A}"
EndProject
Project("{9A19103F-16F7-4668-BE54-9A1E7A4F7556}") = "R5T.L0030", "..\..\R5T.L0030\source\R5T.L0030\R5T.L0030.csproj", "{DBC85280-0E12-4D18-A935-A4F75427AB9F}"
EndProject
Project("{9A19103F-16F7-4668-BE54-9A1E7A4F7556}") = "R5T.L0034", "..\..\R5T.L0034\source\R5T.L0034\R5T.L0034.csproj", "{4FA3B04B-AB33-4F6C-B4E8-8C85CA62E085}"
EndProject
Project("{9A19103F-16F7-4668-BE54-9A1E7A4F7556}") = "R5T.L0035", "..\..\R5T.L0035\source\R5T.L0035\R5T.L0035.csproj", "{96A5E343-F25D-4CCE-980B-04A8CB8A47EA}"
EndProject
Project("{9A19103F-16F7-4668-BE54-9A1E7A4F7556}") = "R5T.L0053", "..\..\R5T.L0053\source\R5T.L0053\R5T.L0053.csproj", "{A956D6EF-DB3F-475A-9537-C24F1F55D681}"
EndProject
Project("{9A19103F-16F7-4668-BE54-9A1E7A4F7556}") = "R5T.L0056", "..\..\R5T.L0056\source\R5T.L0056\R5T.L0056.csproj", "{4777DD1B-F303-48D6-B576-26153229B430}"
EndProject
Project("{9A19103F-16F7-4668-BE54-9A1E7A4F7556}") = "R5T.L0066", "..\..\R5T.L0066\source\R5T.L0066\R5T.L0066.csproj", "{4A29EDB1-DD94-4009-BBA9-CC62A84A113C}"
EndProject
Project("{9A19103F-16F7-4668-BE54-9A1E7A4F7556}") = "R5T.L0071", "..\..\R5T.L0071\source\R5T.L0071\R5T.L0071.csproj", "{02EFB29E-27B9-4415-8CB8-5BB966C3B9E0}"
EndProject
Project("{9A19103F-16F7-4668-BE54-9A1E7A4F7556}") = "R5T.L0074", "..\..\R5T.L0074\source\R5T.L0074\R5T.L0074.csproj", "{CC899FA4-9853-48AA-8A4E-877DB38CB5F6}"
EndProject
Project("{9A19103F-16F7-4668-BE54-9A1E7A4F7556}") = "R5T.NG0006", "..\..\R5T.NG0006\source\R5T.NG0006\R5T.NG0006.csproj", "{29F820DB-CE90-4D52-9F6A-F8F9435783ED}"
EndProject
Project("{9A19103F-16F7-4668-BE54-9A1E7A4F7556}") = "R5T.NG0022", "..\..\R5T.NG0022\source\R5T.NG0022\R5T.NG0022.csproj", "{481A367B-A899-4BC2-A816-5DF438E0FB3D}"
EndProject
Project("{9A19103F-16F7-4668-BE54-9A1E7A4F7556}") = "R5T.T0131", "..\..\R5T.T0131\source\R5T.T0131\R5T.T0131.csproj", "{728201EC-A57F-40D6-A9C1-C48104DAF50E}"
EndProject
Project("{9A19103F-16F7-4668-BE54-9A1E7A4F7556}") = "R5T.T0132", "..\..\R5T.T0132\source\R5T.T0132\R5T.T0132.csproj", "{0CDDFAB0-3961-40AB-8BFE-1CF49D2357A4}"
EndProject
Project("{9A19103F-16F7-4668-BE54-9A1E7A4F7556}") = "R5T.T0142", "..\..\R5T.T0142\source\R5T.T0142\R5T.T0142.csproj", "{D7F34A2B-5A49-4D1E-978F-86EED507867F}"
EndProject
Project("{9A19103F-16F7-4668-BE54-9A1E7A4F7556}") = "R5T.T0143", "..\..\R5T.T0143\source\R5T.T0143\R5T.T0143.csproj", "{1AA1D1FA-65C8-441B-BBAB-55C075D7ABC1}"
EndProject
Project("{9A19103F-16F7-4668-BE54-9A1E7A4F7556}") = "R5T.T0150", "..\..\R5T.T0150\source\R5T.T0150\R5T.T0150.csproj", "{4C0CE6D9-0262-4FBC-A58E-EF3DE0AA0388}"
EndProject
Project("{9A19103F-16F7-4668-BE54-9A1E7A4F7556}") = "R5T.T0151", "..\..\R5T.T0151\source\R5T.T0151\R5T.T0151.csproj", "{99D48DD0-DCDA-4BB0-B833-5B4117E9207B}"
EndProject
Project("{9A19103F-16F7-4668-BE54-9A1E7A4F7556}") = "R5T.T0156", "..\..\R5T.T0156\source\R5T.T0156\R5T.T0156.csproj", "{205A132D-FC6D-40AC-939C-AB4CD3CDB2D1}"
EndProject
Project("{9A19103F-16F7-4668-BE54-9A1E7A4F7556}") = "R5T.T0158", "..\..\R5T.T0158\source\R5T.T0158\R5T.T0158.csproj", "{6208CFCA-55FE-43D7-B26A-43FB3AA63542}"
EndProject
Project("{9A19103F-16F7-4668-BE54-9A1E7A4F7556}") = "R5T.T0159", "..\..\R5T.T0159\source\R5T.T0159\R5T.T0159.csproj", "{D64F2231-86AA-406D-B98E-3DD67D7958E5}"
EndProject
Project("{9A19103F-16F7-4668-BE54-9A1E7A4F7556}") = "R5T.T0172", "..\..\R5T.T0172\source\R5T.T0172\R5T.T0172.csproj", "{191339F3-5AC9-4895-808A-2BE9D5A12F0C}"
EndProject
Project("{9A19103F-16F7-4668-BE54-9A1E7A4F7556}") = "R5T.T0174", "..\..\R5T.T0174\source\R5T.T0174\R5T.T0174.csproj", "{53A39F67-C70F-455C-8F8A-33728B7F81AF}"
EndProject
Project("{9A19103F-16F7-4668-BE54-9A1E7A4F7556}") = "R5T.T0176", "..\..\R5T.T0176\source\R5T.T0176\R5T.T0176.csproj", "{30EEDE9B-7AE3-4A56-9CFA-9F4C42325BD6}"
EndProject
Project("{9A19103F-16F7-4668-BE54-9A1E7A4F7556}") = "R5T.T0177", "..\..\R5T.T0177\source\R5T.T0177\R5T.T0177.csproj", "{95FA27C4-2675-46D2-AE89-BAA50669E37C}"
EndProject
Project("{9A19103F-16F7-4668-BE54-9A1E7A4F7556}") = "R5T.T0178", "..\..\R5T.T0178\source\R5T.T0178\R5T.T0178.csproj", "{0152856C-AAB5-4464-BA19-B73ABCEED3C8}"
EndProject
Project("{9A19103F-16F7-4668-BE54-9A1E7A4F7556}") = "R5T.T0179", "..\..\R5T.T0179\source\R5T.T0179\R5T.T0179.csproj", "{C4320ECE-E1A5-49E0-9A3A-F39793983248}"
EndProject
Project("{9A19103F-16F7-4668-BE54-9A1E7A4F7556}") = "R5T.T0180", "..\..\R5T.T0180\source\R5T.T0180\R5T.T0180.csproj", "{EE5AAEB3-3CF9-4431-9D00-B712937F4F20}"
EndProject
Project("{9A19103F-16F7-4668-BE54-9A1E7A4F7556}") = "R5T.T0181", "..\..\R5T.T0181\source\R5T.T0181\R5T.T0181.csproj", "{0E42B47E-CFEB-4B3C-876B-8C57ACF18C10}"
EndProject
Project("{9A19103F-16F7-4668-BE54-9A1E7A4F7556}") = "R5T.T0185", "..\..\R5T.T0185\source\R5T.T0185\R5T.T0185.csproj", "{F14066C4-6EA9-4431-9A16-079BF7A96BE0}"
EndProject
Project("{9A19103F-16F7-4668-BE54-9A1E7A4F7556}") = "R5T.T0199.T000", "..\..\R5T.T0199\source\R5T.T0199.T000\R5T.T0199.T000.csproj", "{BDEA4B8C-4987-4490-9728-92FF20E2BC7F}"
EndProject
Project("{9A19103F-16F7-4668-BE54-9A1E7A4F7556}") = "R5T.T0199.T001", "..\..\R5T.T0199\source\R5T.T0199.T001\R5T.T0199.T001.csproj", "{E915431D-199E-4793-98CA-D26C92A2BE92}"
EndProject
Project("{9A19103F-16F7-4668-BE54-9A1E7A4F7556}") = "R5T.T0199", "..\..\R5T.T0199\source\R5T.T0199\R5T.T0199.csproj", "{DA0A3010-F344-491E-92C5-15CA4C8CFF90}"
EndProject
Project("{9A19103F-16F7-4668-BE54-9A1E7A4F7556}") = "R5T.T0203", "..\..\R5T.T0203\source\R5T.T0203\R5T.T0203.csproj", "{3A4CAF86-0EF7-475C-896D-3724E97B7B87}"
EndProject
Project("{9A19103F-16F7-4668-BE54-9A1E7A4F7556}") = "R5T.T0213", "..\..\R5T.T0213\source\R5T.T0213\R5T.T0213.csproj", "{AB0F932F-9CD4-4642-8858-6873C676CC07}"
EndProject
Project("{9A19103F-16F7-4668-BE54-9A1E7A4F7556}") = "R5T.T0218", "..\..\R5T.T0218\source\R5T.T0218\R5T.T0218.csproj", "{9DDC6C85-4AD5-4A60-A33B-B947A07AA4BE}"
EndProject
Project("{9A19103F-16F7-4668-BE54-9A1E7A4F7556}") = "R5T.T0219", "..\..\R5T.T0219\source\R5T.T0219\R5T.T0219.csproj", "{F28755D8-B9D8-4D38-889F-E1C0A0909D36}"
EndProject
Project("{9A19103F-16F7-4668-BE54-9A1E7A4F7556}") = "R5T.T0220", "..\..\R5T.T0220\source\R5T.T0220\R5T.T0220.csproj", "{A82FC36D-CD9E-4CAA-9EF3-20080AEDCE1D}"
EndProject
Project("{9A19103F-16F7-4668-BE54-9A1E7A4F7556}") = "R5T.T0221", "..\..\R5T.T0221\source\R5T.T0221\R5T.T0221.csproj", "{7B62D471-2ACF-4EB6-BC2B-FE7F6EEF6C70}"
EndProject
Project("{9A19103F-16F7-4668-BE54-9A1E7A4F7556}") = "R5T.T0227", "..\..\R5T.T0227\source\R5T.T0227\R5T.T0227.csproj", "{4D972B69-13A9-44B0-ABF7-E3ABBCAB5098}"
EndProject
Project("{9A19103F-16F7-4668-BE54-9A1E7A4F7556}") = "R5T.Y0000", "..\..\R5T.Y0000\source\R5T.Y0000\R5T.Y0000.csproj", "{8225232B-E504-405A-B8A8-4F1E84E94FE9}"
EndProject
Project("{9A19103F-16F7-4668-BE54-9A1E7A4F7556}") = "R5T.Y0006", "..\..\R5T.Y0006\source\R5T.Y0006\R5T.Y0006.csproj", "{BAE8799C-A292-481D-AD6F-EA9087004877}"
EndProject
Project("{9A19103F-16F7-4668-BE54-9A1E7A4F7556}") = "R5T.Z0000", "..\..\R5T.Z0000\source\R5T.Z0000\R5T.Z0000.csproj", "{62006423-4E59-405B-A069-4E8881C60EB6}"
EndProject
Project("{9A19103F-16F7-4668-BE54-9A1E7A4F7556}") = "R5T.Z0010.Platform", "..\..\R5T.Z0010\source\R5T.Z0010.Platform\R5T.Z0010.Platform.csproj", "{52F2598A-8964-43C8-A58E-AF460D2B3CEF}"
EndProject
Project("{9A19103F-16F7-4668-BE54-9A1E7A4F7556}") = "R5T.Z0010", "..\..\R5T.Z0010\source\R5T.Z0010\R5T.Z0010.csproj", "{FDB260D2-9AA7-465A-9810-0D6DF85C3C6E}"
EndProject
Project("{9A19103F-16F7-4668-BE54-9A1E7A4F7556}") = "R5T.Z0057.Platform", "..\..\R5T.Z0057\source\R5T.Z0057.Platform\R5T.Z0057.Platform.csproj", "{9578AA36-D1E2-40AE-81E6-95C15F8B7CB4}"
EndProject
Project("{9A19103F-16F7-4668-BE54-9A1E7A4F7556}") = "R5T.Z0057", "..\..\R5T.Z0057\source\R5T.Z0057\R5T.Z0057.csproj", "{5A7B29B2-37A5-4C15-81DC-68D68753C7B2}"
EndProject
Project("{9A19103F-16F7-4668-BE54-9A1E7A4F7556}") = "R5T.Z0058", "..\..\R5T.Z0058\source\R5T.Z0058\R5T.Z0058.csproj", "{1CAC52D7-8490-4560-B4BE-30B1F8D00016}"
EndProject
Project("{9A19103F-16F7-4668-BE54-9A1E7A4F7556}") = "R5T.T0235.T000", "..\..\R5T.T0235\source\R5T.T0235.T000\R5T.T0235.T000.csproj", "{1BAD25DD-5838-4D49-8529-9BF67F9134DA}"
EndProject
Project("{9A19103F-16F7-4668-BE54-9A1E7A4F7556}") = "R5T.L0078.T000", "..\..\R5T.L0078\source\R5T.L0078.T000\R5T.L0078.T000.csproj", "{E3031932-47C2-45C5-B865-3D7CBBD0A3E0}"
EndProject
Project("{9A19103F-16F7-4668-BE54-9A1E7A4F7556}") = "R5T.NG0005", "..\..\R5T.NG0005\source\R5T.NG0005\R5T.NG0005.csproj", "{D6CC1B54-D456-4C3B-A470-CCC089637C08}"
EndProject
Project("{9A19103F-16F7-4668-BE54-9A1E7A4F7556}") = "R5T.L0081.O001", "R5T.L0081.O001\R5T.L0081.O001.csproj", "{3D5CA600-91C3-429E-A7DC-D37C96BA5C6A}"
EndProject
Project("{9A19103F-16F7-4668-BE54-9A1E7A4F7556}") = "R5T.T0137", "..\..\R5T.T0137\source\R5T.T0137\R5T.T0137.csproj", "{0BB13749-1008-46C3-A7B3-81032EFDC1EA}"
EndProject
Global
	GlobalSection(NestedProjects) = preSolution
		{95F87B1C-8AC1-41E6-934A-D6B448FB1E54} = {C4AEFA60-3640-47DC-B4A2-8C2B497391E5}
		{7C841D74-75CD-4CA4-8EB3-14462300F106} = {C4AEFA60-3640-47DC-B4A2-8C2B497391E5}
		{48260C19-447F-4453-B193-5588FA9935D3} = {C4AEFA60-3640-47DC-B4A2-8C2B497391E5}
		{170DA9D3-B95A-46A2-8CA0-F670218157CC} = {C4AEFA60-3640-47DC-B4A2-8C2B497391E5}
		{386E9256-C10F-4F7F-A036-ABF350EF66F5} = {C4AEFA60-3640-47DC-B4A2-8C2B497391E5}
		{65C1A0AE-5303-4DA3-8728-AF0EC0CA95DF} = {C4AEFA60-3640-47DC-B4A2-8C2B497391E5}
		{75A442AC-7D07-4A5C-9631-2392557DA16A} = {C4AEFA60-3640-47DC-B4A2-8C2B497391E5}
		{DBC85280-0E12-4D18-A935-A4F75427AB9F} = {C4AEFA60-3640-47DC-B4A2-8C2B497391E5}
		{4FA3B04B-AB33-4F6C-B4E8-8C85CA62E085} = {C4AEFA60-3640-47DC-B4A2-8C2B497391E5}
		{96A5E343-F25D-4CCE-980B-04A8CB8A47EA} = {C4AEFA60-3640-47DC-B4A2-8C2B497391E5}
		{A956D6EF-DB3F-475A-9537-C24F1F55D681} = {C4AEFA60-3640-47DC-B4A2-8C2B497391E5}
		{4777DD1B-F303-48D6-B576-26153229B430} = {C4AEFA60-3640-47DC-B4A2-8C2B497391E5}
		{4A29EDB1-DD94-4009-BBA9-CC62A84A113C} = {C4AEFA60-3640-47DC-B4A2-8C2B497391E5}
		{02EFB29E-27B9-4415-8CB8-5BB966C3B9E0} = {C4AEFA60-3640-47DC-B4A2-8C2B497391E5}
		{CC899FA4-9853-48AA-8A4E-877DB38CB5F6} = {C4AEFA60-3640-47DC-B4A2-8C2B497391E5}
		{29F820DB-CE90-4D52-9F6A-F8F9435783ED} = {C4AEFA60-3640-47DC-B4A2-8C2B497391E5}
		{481A367B-A899-4BC2-A816-5DF438E0FB3D} = {C4AEFA60-3640-47DC-B4A2-8C2B497391E5}
		{728201EC-A57F-40D6-A9C1-C48104DAF50E} = {C4AEFA60-3640-47DC-B4A2-8C2B497391E5}
		{0CDDFAB0-3961-40AB-8BFE-1CF49D2357A4} = {C4AEFA60-3640-47DC-B4A2-8C2B497391E5}
		{D7F34A2B-5A49-4D1E-978F-86EED507867F} = {C4AEFA60-3640-47DC-B4A2-8C2B497391E5}
		{1AA1D1FA-65C8-441B-BBAB-55C075D7ABC1} = {C4AEFA60-3640-47DC-B4A2-8C2B497391E5}
		{4C0CE6D9-0262-4FBC-A58E-EF3DE0AA0388} = {C4AEFA60-3640-47DC-B4A2-8C2B497391E5}
		{99D48DD0-DCDA-4BB0-B833-5B4117E9207B} = {C4AEFA60-3640-47DC-B4A2-8C2B497391E5}
		{205A132D-FC6D-40AC-939C-AB4CD3CDB2D1} = {C4AEFA60-3640-47DC-B4A2-8C2B497391E5}
		{6208CFCA-55FE-43D7-B26A-43FB3AA63542} = {C4AEFA60-3640-47DC-B4A2-8C2B497391E5}
		{D64F2231-86AA-406D-B98E-3DD67D7958E5} = {C4AEFA60-3640-47DC-B4A2-8C2B497391E5}
		{191339F3-5AC9-4895-808A-2BE9D5A12F0C} = {C4AEFA60-3640-47DC-B4A2-8C2B497391E5}
		{53A39F67-C70F-455C-8F8A-33728B7F81AF} = {C4AEFA60-3640-47DC-B4A2-8C2B497391E5}
		{30EEDE9B-7AE3-4A56-9CFA-9F4C42325BD6} = {C4AEFA60-3640-47DC-B4A2-8C2B497391E5}
		{95FA27C4-2675-46D2-AE89-BAA50669E37C} = {C4AEFA60-3640-47DC-B4A2-8C2B497391E5}
		{0152856C-AAB5-4464-BA19-B73ABCEED3C8} = {C4AEFA60-3640-47DC-B4A2-8C2B497391E5}
		{C4320ECE-E1A5-49E0-9A3A-F39793983248} = {C4AEFA60-3640-47DC-B4A2-8C2B497391E5}
		{EE5AAEB3-3CF9-4431-9D00-B712937F4F20} = {C4AEFA60-3640-47DC-B4A2-8C2B497391E5}
		{0E42B47E-CFEB-4B3C-876B-8C57ACF18C10} = {C4AEFA60-3640-47DC-B4A2-8C2B497391E5}
		{F14066C4-6EA9-4431-9A16-079BF7A96BE0} = {C4AEFA60-3640-47DC-B4A2-8C2B497391E5}
		{BDEA4B8C-4987-4490-9728-92FF20E2BC7F} = {C4AEFA60-3640-47DC-B4A2-8C2B497391E5}
		{E915431D-199E-4793-98CA-D26C92A2BE92} = {C4AEFA60-3640-47DC-B4A2-8C2B497391E5}
		{DA0A3010-F344-491E-92C5-15CA4C8CFF90} = {C4AEFA60-3640-47DC-B4A2-8C2B497391E5}
		{3A4CAF86-0EF7-475C-896D-3724E97B7B87} = {C4AEFA60-3640-47DC-B4A2-8C2B497391E5}
		{AB0F932F-9CD4-4642-8858-6873C676CC07} = {C4AEFA60-3640-47DC-B4A2-8C2B497391E5}
		{9DDC6C85-4AD5-4A60-A33B-B947A07AA4BE} = {C4AEFA60-3640-47DC-B4A2-8C2B497391E5}
		{F28755D8-B9D8-4D38-889F-E1C0A0909D36} = {C4AEFA60-3640-47DC-B4A2-8C2B497391E5}
		{A82FC36D-CD9E-4CAA-9EF3-20080AEDCE1D} = {C4AEFA60-3640-47DC-B4A2-8C2B497391E5}
		{7B62D471-2ACF-4EB6-BC2B-FE7F6EEF6C70} = {C4AEFA60-3640-47DC-B4A2-8C2B497391E5}
		{4D972B69-13A9-44B0-ABF7-E3ABBCAB5098} = {C4AEFA60-3640-47DC-B4A2-8C2B497391E5}
		{8225232B-E504-405A-B8A8-4F1E84E94FE9} = {C4AEFA60-3640-47DC-B4A2-8C2B497391E5}
		{BAE8799C-A292-481D-AD6F-EA9087004877} = {C4AEFA60-3640-47DC-B4A2-8C2B497391E5}
		{62006423-4E59-405B-A069-4E8881C60EB6} = {C4AEFA60-3640-47DC-B4A2-8C2B497391E5}
		{52F2598A-8964-43C8-A58E-AF460D2B3CEF} = {C4AEFA60-3640-47DC-B4A2-8C2B497391E5}
		{FDB260D2-9AA7-465A-9810-0D6DF85C3C6E} = {C4AEFA60-3640-47DC-B4A2-8C2B497391E5}
		{9578AA36-D1E2-40AE-81E6-95C15F8B7CB4} = {C4AEFA60-3640-47DC-B4A2-8C2B497391E5}
		{5A7B29B2-37A5-4C15-81DC-68D68753C7B2} = {C4AEFA60-3640-47DC-B4A2-8C2B497391E5}
		{1CAC52D7-8490-4560-B4BE-30B1F8D00016} = {C4AEFA60-3640-47DC-B4A2-8C2B497391E5}
		{1BAD25DD-5838-4D49-8529-9BF67F9134DA} = {C4AEFA60-3640-47DC-B4A2-8C2B497391E5}
		{E3031932-47C2-45C5-B865-3D7CBBD0A3E0} = {C4AEFA60-3640-47DC-B4A2-8C2B497391E5}
		{D6CC1B54-D456-4C3B-A470-CCC089637C08} = {C4AEFA60-3640-47DC-B4A2-8C2B497391E5}
		{0BB13749-1008-46C3-A7B3-81032EFDC1EA} = {C4AEFA60-3640-47DC-B4A2-8C2B497391E5}
	EndGlobalSection
	GlobalSection(SolutionConfigurationPlatforms) = preSolution
		Debug|Any CPU = Debug|Any CPU
		Release|Any CPU = Release|Any CPU
	EndGlobalSection
	GlobalSection(ProjectConfigurationPlatforms) = postSolution
		{7533FB19-482C-4795-8ED2-15A71B0D5EB8}.Debug|Any CPU.ActiveCfg = Debug|Any CPU
		{7533FB19-482C-4795-8ED2-15A71B0D5EB8}.Debug|Any CPU.Build.0 = Debug|Any CPU
		{7533FB19-482C-4795-8ED2-15A71B0D5EB8}.Release|Any CPU.ActiveCfg = Release|Any CPU
		{7533FB19-482C-4795-8ED2-15A71B0D5EB8}.Release|Any CPU.Build.0 = Release|Any CPU
		{E1B31A2F-CA26-4712-8BE3-1968C3AEAAB5}.Debug|Any CPU.ActiveCfg = Debug|Any CPU
		{E1B31A2F-CA26-4712-8BE3-1968C3AEAAB5}.Debug|Any CPU.Build.0 = Debug|Any CPU
		{E1B31A2F-CA26-4712-8BE3-1968C3AEAAB5}.Release|Any CPU.ActiveCfg = Release|Any CPU
		{E1B31A2F-CA26-4712-8BE3-1968C3AEAAB5}.Release|Any CPU.Build.0 = Release|Any CPU
		{37897A43-9B44-45CB-B70F-EE64607261A8}.Debug|Any CPU.ActiveCfg = Debug|Any CPU
		{37897A43-9B44-45CB-B70F-EE64607261A8}.Debug|Any CPU.Build.0 = Debug|Any CPU
		{37897A43-9B44-45CB-B70F-EE64607261A8}.Release|Any CPU.ActiveCfg = Release|Any CPU
		{37897A43-9B44-45CB-B70F-EE64607261A8}.Release|Any CPU.Build.0 = Release|Any CPU
		{95F87B1C-8AC1-41E6-934A-D6B448FB1E54}.Debug|Any CPU.ActiveCfg = Debug|Any CPU
		{95F87B1C-8AC1-41E6-934A-D6B448FB1E54}.Debug|Any CPU.Build.0 = Debug|Any CPU
		{95F87B1C-8AC1-41E6-934A-D6B448FB1E54}.Release|Any CPU.ActiveCfg = Release|Any CPU
		{95F87B1C-8AC1-41E6-934A-D6B448FB1E54}.Release|Any CPU.Build.0 = Release|Any CPU
		{7C841D74-75CD-4CA4-8EB3-14462300F106}.Debug|Any CPU.ActiveCfg = Debug|Any CPU
		{7C841D74-75CD-4CA4-8EB3-14462300F106}.Debug|Any CPU.Build.0 = Debug|Any CPU
		{7C841D74-75CD-4CA4-8EB3-14462300F106}.Release|Any CPU.ActiveCfg = Release|Any CPU
		{7C841D74-75CD-4CA4-8EB3-14462300F106}.Release|Any CPU.Build.0 = Release|Any CPU
		{48260C19-447F-4453-B193-5588FA9935D3}.Debug|Any CPU.ActiveCfg = Debug|Any CPU
		{48260C19-447F-4453-B193-5588FA9935D3}.Debug|Any CPU.Build.0 = Debug|Any CPU
		{48260C19-447F-4453-B193-5588FA9935D3}.Release|Any CPU.ActiveCfg = Release|Any CPU
		{48260C19-447F-4453-B193-5588FA9935D3}.Release|Any CPU.Build.0 = Release|Any CPU
		{170DA9D3-B95A-46A2-8CA0-F670218157CC}.Debug|Any CPU.ActiveCfg = Debug|Any CPU
		{170DA9D3-B95A-46A2-8CA0-F670218157CC}.Debug|Any CPU.Build.0 = Debug|Any CPU
		{170DA9D3-B95A-46A2-8CA0-F670218157CC}.Release|Any CPU.ActiveCfg = Release|Any CPU
		{170DA9D3-B95A-46A2-8CA0-F670218157CC}.Release|Any CPU.Build.0 = Release|Any CPU
		{386E9256-C10F-4F7F-A036-ABF350EF66F5}.Debug|Any CPU.ActiveCfg = Debug|Any CPU
		{386E9256-C10F-4F7F-A036-ABF350EF66F5}.Debug|Any CPU.Build.0 = Debug|Any CPU
		{386E9256-C10F-4F7F-A036-ABF350EF66F5}.Release|Any CPU.ActiveCfg = Release|Any CPU
		{386E9256-C10F-4F7F-A036-ABF350EF66F5}.Release|Any CPU.Build.0 = Release|Any CPU
		{65C1A0AE-5303-4DA3-8728-AF0EC0CA95DF}.Debug|Any CPU.ActiveCfg = Debug|Any CPU
		{65C1A0AE-5303-4DA3-8728-AF0EC0CA95DF}.Debug|Any CPU.Build.0 = Debug|Any CPU
		{65C1A0AE-5303-4DA3-8728-AF0EC0CA95DF}.Release|Any CPU.ActiveCfg = Release|Any CPU
		{65C1A0AE-5303-4DA3-8728-AF0EC0CA95DF}.Release|Any CPU.Build.0 = Release|Any CPU
		{75A442AC-7D07-4A5C-9631-2392557DA16A}.Debug|Any CPU.ActiveCfg = Debug|Any CPU
		{75A442AC-7D07-4A5C-9631-2392557DA16A}.Debug|Any CPU.Build.0 = Debug|Any CPU
		{75A442AC-7D07-4A5C-9631-2392557DA16A}.Release|Any CPU.ActiveCfg = Release|Any CPU
		{75A442AC-7D07-4A5C-9631-2392557DA16A}.Release|Any CPU.Build.0 = Release|Any CPU
		{DBC85280-0E12-4D18-A935-A4F75427AB9F}.Debug|Any CPU.ActiveCfg = Debug|Any CPU
		{DBC85280-0E12-4D18-A935-A4F75427AB9F}.Debug|Any CPU.Build.0 = Debug|Any CPU
		{DBC85280-0E12-4D18-A935-A4F75427AB9F}.Release|Any CPU.ActiveCfg = Release|Any CPU
		{DBC85280-0E12-4D18-A935-A4F75427AB9F}.Release|Any CPU.Build.0 = Release|Any CPU
		{4FA3B04B-AB33-4F6C-B4E8-8C85CA62E085}.Debug|Any CPU.ActiveCfg = Debug|Any CPU
		{4FA3B04B-AB33-4F6C-B4E8-8C85CA62E085}.Debug|Any CPU.Build.0 = Debug|Any CPU
		{4FA3B04B-AB33-4F6C-B4E8-8C85CA62E085}.Release|Any CPU.ActiveCfg = Release|Any CPU
		{4FA3B04B-AB33-4F6C-B4E8-8C85CA62E085}.Release|Any CPU.Build.0 = Release|Any CPU
		{96A5E343-F25D-4CCE-980B-04A8CB8A47EA}.Debug|Any CPU.ActiveCfg = Debug|Any CPU
		{96A5E343-F25D-4CCE-980B-04A8CB8A47EA}.Debug|Any CPU.Build.0 = Debug|Any CPU
		{96A5E343-F25D-4CCE-980B-04A8CB8A47EA}.Release|Any CPU.ActiveCfg = Release|Any CPU
		{96A5E343-F25D-4CCE-980B-04A8CB8A47EA}.Release|Any CPU.Build.0 = Release|Any CPU
		{A956D6EF-DB3F-475A-9537-C24F1F55D681}.Debug|Any CPU.ActiveCfg = Debug|Any CPU
		{A956D6EF-DB3F-475A-9537-C24F1F55D681}.Debug|Any CPU.Build.0 = Debug|Any CPU
		{A956D6EF-DB3F-475A-9537-C24F1F55D681}.Release|Any CPU.ActiveCfg = Release|Any CPU
		{A956D6EF-DB3F-475A-9537-C24F1F55D681}.Release|Any CPU.Build.0 = Release|Any CPU
		{4777DD1B-F303-48D6-B576-26153229B430}.Debug|Any CPU.ActiveCfg = Debug|Any CPU
		{4777DD1B-F303-48D6-B576-26153229B430}.Debug|Any CPU.Build.0 = Debug|Any CPU
		{4777DD1B-F303-48D6-B576-26153229B430}.Release|Any CPU.ActiveCfg = Release|Any CPU
		{4777DD1B-F303-48D6-B576-26153229B430}.Release|Any CPU.Build.0 = Release|Any CPU
		{4A29EDB1-DD94-4009-BBA9-CC62A84A113C}.Debug|Any CPU.ActiveCfg = Debug|Any CPU
		{4A29EDB1-DD94-4009-BBA9-CC62A84A113C}.Debug|Any CPU.Build.0 = Debug|Any CPU
		{4A29EDB1-DD94-4009-BBA9-CC62A84A113C}.Release|Any CPU.ActiveCfg = Release|Any CPU
		{4A29EDB1-DD94-4009-BBA9-CC62A84A113C}.Release|Any CPU.Build.0 = Release|Any CPU
		{02EFB29E-27B9-4415-8CB8-5BB966C3B9E0}.Debug|Any CPU.ActiveCfg = Debug|Any CPU
		{02EFB29E-27B9-4415-8CB8-5BB966C3B9E0}.Debug|Any CPU.Build.0 = Debug|Any CPU
		{02EFB29E-27B9-4415-8CB8-5BB966C3B9E0}.Release|Any CPU.ActiveCfg = Release|Any CPU
		{02EFB29E-27B9-4415-8CB8-5BB966C3B9E0}.Release|Any CPU.Build.0 = Release|Any CPU
		{CC899FA4-9853-48AA-8A4E-877DB38CB5F6}.Debug|Any CPU.ActiveCfg = Debug|Any CPU
		{CC899FA4-9853-48AA-8A4E-877DB38CB5F6}.Debug|Any CPU.Build.0 = Debug|Any CPU
		{CC899FA4-9853-48AA-8A4E-877DB38CB5F6}.Release|Any CPU.ActiveCfg = Release|Any CPU
		{CC899FA4-9853-48AA-8A4E-877DB38CB5F6}.Release|Any CPU.Build.0 = Release|Any CPU
		{29F820DB-CE90-4D52-9F6A-F8F9435783ED}.Debug|Any CPU.ActiveCfg = Debug|Any CPU
		{29F820DB-CE90-4D52-9F6A-F8F9435783ED}.Debug|Any CPU.Build.0 = Debug|Any CPU
		{29F820DB-CE90-4D52-9F6A-F8F9435783ED}.Release|Any CPU.ActiveCfg = Release|Any CPU
		{29F820DB-CE90-4D52-9F6A-F8F9435783ED}.Release|Any CPU.Build.0 = Release|Any CPU
		{481A367B-A899-4BC2-A816-5DF438E0FB3D}.Debug|Any CPU.ActiveCfg = Debug|Any CPU
		{481A367B-A899-4BC2-A816-5DF438E0FB3D}.Debug|Any CPU.Build.0 = Debug|Any CPU
		{481A367B-A899-4BC2-A816-5DF438E0FB3D}.Release|Any CPU.ActiveCfg = Release|Any CPU
		{481A367B-A899-4BC2-A816-5DF438E0FB3D}.Release|Any CPU.Build.0 = Release|Any CPU
		{728201EC-A57F-40D6-A9C1-C48104DAF50E}.Debug|Any CPU.ActiveCfg = Debug|Any CPU
		{728201EC-A57F-40D6-A9C1-C48104DAF50E}.Debug|Any CPU.Build.0 = Debug|Any CPU
		{728201EC-A57F-40D6-A9C1-C48104DAF50E}.Release|Any CPU.ActiveCfg = Release|Any CPU
		{728201EC-A57F-40D6-A9C1-C48104DAF50E}.Release|Any CPU.Build.0 = Release|Any CPU
		{0CDDFAB0-3961-40AB-8BFE-1CF49D2357A4}.Debug|Any CPU.ActiveCfg = Debug|Any CPU
		{0CDDFAB0-3961-40AB-8BFE-1CF49D2357A4}.Debug|Any CPU.Build.0 = Debug|Any CPU
		{0CDDFAB0-3961-40AB-8BFE-1CF49D2357A4}.Release|Any CPU.ActiveCfg = Release|Any CPU
		{0CDDFAB0-3961-40AB-8BFE-1CF49D2357A4}.Release|Any CPU.Build.0 = Release|Any CPU
		{D7F34A2B-5A49-4D1E-978F-86EED507867F}.Debug|Any CPU.ActiveCfg = Debug|Any CPU
		{D7F34A2B-5A49-4D1E-978F-86EED507867F}.Debug|Any CPU.Build.0 = Debug|Any CPU
		{D7F34A2B-5A49-4D1E-978F-86EED507867F}.Release|Any CPU.ActiveCfg = Release|Any CPU
		{D7F34A2B-5A49-4D1E-978F-86EED507867F}.Release|Any CPU.Build.0 = Release|Any CPU
		{1AA1D1FA-65C8-441B-BBAB-55C075D7ABC1}.Debug|Any CPU.ActiveCfg = Debug|Any CPU
		{1AA1D1FA-65C8-441B-BBAB-55C075D7ABC1}.Debug|Any CPU.Build.0 = Debug|Any CPU
		{1AA1D1FA-65C8-441B-BBAB-55C075D7ABC1}.Release|Any CPU.ActiveCfg = Release|Any CPU
		{1AA1D1FA-65C8-441B-BBAB-55C075D7ABC1}.Release|Any CPU.Build.0 = Release|Any CPU
		{4C0CE6D9-0262-4FBC-A58E-EF3DE0AA0388}.Debug|Any CPU.ActiveCfg = Debug|Any CPU
		{4C0CE6D9-0262-4FBC-A58E-EF3DE0AA0388}.Debug|Any CPU.Build.0 = Debug|Any CPU
		{4C0CE6D9-0262-4FBC-A58E-EF3DE0AA0388}.Release|Any CPU.ActiveCfg = Release|Any CPU
		{4C0CE6D9-0262-4FBC-A58E-EF3DE0AA0388}.Release|Any CPU.Build.0 = Release|Any CPU
		{99D48DD0-DCDA-4BB0-B833-5B4117E9207B}.Debug|Any CPU.ActiveCfg = Debug|Any CPU
		{99D48DD0-DCDA-4BB0-B833-5B4117E9207B}.Debug|Any CPU.Build.0 = Debug|Any CPU
		{99D48DD0-DCDA-4BB0-B833-5B4117E9207B}.Release|Any CPU.ActiveCfg = Release|Any CPU
		{99D48DD0-DCDA-4BB0-B833-5B4117E9207B}.Release|Any CPU.Build.0 = Release|Any CPU
		{205A132D-FC6D-40AC-939C-AB4CD3CDB2D1}.Debug|Any CPU.ActiveCfg = Debug|Any CPU
		{205A132D-FC6D-40AC-939C-AB4CD3CDB2D1}.Debug|Any CPU.Build.0 = Debug|Any CPU
		{205A132D-FC6D-40AC-939C-AB4CD3CDB2D1}.Release|Any CPU.ActiveCfg = Release|Any CPU
		{205A132D-FC6D-40AC-939C-AB4CD3CDB2D1}.Release|Any CPU.Build.0 = Release|Any CPU
		{6208CFCA-55FE-43D7-B26A-43FB3AA63542}.Debug|Any CPU.ActiveCfg = Debug|Any CPU
		{6208CFCA-55FE-43D7-B26A-43FB3AA63542}.Debug|Any CPU.Build.0 = Debug|Any CPU
		{6208CFCA-55FE-43D7-B26A-43FB3AA63542}.Release|Any CPU.ActiveCfg = Release|Any CPU
		{6208CFCA-55FE-43D7-B26A-43FB3AA63542}.Release|Any CPU.Build.0 = Release|Any CPU
		{D64F2231-86AA-406D-B98E-3DD67D7958E5}.Debug|Any CPU.ActiveCfg = Debug|Any CPU
		{D64F2231-86AA-406D-B98E-3DD67D7958E5}.Debug|Any CPU.Build.0 = Debug|Any CPU
		{D64F2231-86AA-406D-B98E-3DD67D7958E5}.Release|Any CPU.ActiveCfg = Release|Any CPU
		{D64F2231-86AA-406D-B98E-3DD67D7958E5}.Release|Any CPU.Build.0 = Release|Any CPU
		{191339F3-5AC9-4895-808A-2BE9D5A12F0C}.Debug|Any CPU.ActiveCfg = Debug|Any CPU
		{191339F3-5AC9-4895-808A-2BE9D5A12F0C}.Debug|Any CPU.Build.0 = Debug|Any CPU
		{191339F3-5AC9-4895-808A-2BE9D5A12F0C}.Release|Any CPU.ActiveCfg = Release|Any CPU
		{191339F3-5AC9-4895-808A-2BE9D5A12F0C}.Release|Any CPU.Build.0 = Release|Any CPU
		{53A39F67-C70F-455C-8F8A-33728B7F81AF}.Debug|Any CPU.ActiveCfg = Debug|Any CPU
		{53A39F67-C70F-455C-8F8A-33728B7F81AF}.Debug|Any CPU.Build.0 = Debug|Any CPU
		{53A39F67-C70F-455C-8F8A-33728B7F81AF}.Release|Any CPU.ActiveCfg = Release|Any CPU
		{53A39F67-C70F-455C-8F8A-33728B7F81AF}.Release|Any CPU.Build.0 = Release|Any CPU
		{30EEDE9B-7AE3-4A56-9CFA-9F4C42325BD6}.Debug|Any CPU.ActiveCfg = Debug|Any CPU
		{30EEDE9B-7AE3-4A56-9CFA-9F4C42325BD6}.Debug|Any CPU.Build.0 = Debug|Any CPU
		{30EEDE9B-7AE3-4A56-9CFA-9F4C42325BD6}.Release|Any CPU.ActiveCfg = Release|Any CPU
		{30EEDE9B-7AE3-4A56-9CFA-9F4C42325BD6}.Release|Any CPU.Build.0 = Release|Any CPU
		{95FA27C4-2675-46D2-AE89-BAA50669E37C}.Debug|Any CPU.ActiveCfg = Debug|Any CPU
		{95FA27C4-2675-46D2-AE89-BAA50669E37C}.Debug|Any CPU.Build.0 = Debug|Any CPU
		{95FA27C4-2675-46D2-AE89-BAA50669E37C}.Release|Any CPU.ActiveCfg = Release|Any CPU
		{95FA27C4-2675-46D2-AE89-BAA50669E37C}.Release|Any CPU.Build.0 = Release|Any CPU
		{0152856C-AAB5-4464-BA19-B73ABCEED3C8}.Debug|Any CPU.ActiveCfg = Debug|Any CPU
		{0152856C-AAB5-4464-BA19-B73ABCEED3C8}.Debug|Any CPU.Build.0 = Debug|Any CPU
		{0152856C-AAB5-4464-BA19-B73ABCEED3C8}.Release|Any CPU.ActiveCfg = Release|Any CPU
		{0152856C-AAB5-4464-BA19-B73ABCEED3C8}.Release|Any CPU.Build.0 = Release|Any CPU
		{C4320ECE-E1A5-49E0-9A3A-F39793983248}.Debug|Any CPU.ActiveCfg = Debug|Any CPU
		{C4320ECE-E1A5-49E0-9A3A-F39793983248}.Debug|Any CPU.Build.0 = Debug|Any CPU
		{C4320ECE-E1A5-49E0-9A3A-F39793983248}.Release|Any CPU.ActiveCfg = Release|Any CPU
		{C4320ECE-E1A5-49E0-9A3A-F39793983248}.Release|Any CPU.Build.0 = Release|Any CPU
		{EE5AAEB3-3CF9-4431-9D00-B712937F4F20}.Debug|Any CPU.ActiveCfg = Debug|Any CPU
		{EE5AAEB3-3CF9-4431-9D00-B712937F4F20}.Debug|Any CPU.Build.0 = Debug|Any CPU
		{EE5AAEB3-3CF9-4431-9D00-B712937F4F20}.Release|Any CPU.ActiveCfg = Release|Any CPU
		{EE5AAEB3-3CF9-4431-9D00-B712937F4F20}.Release|Any CPU.Build.0 = Release|Any CPU
		{0E42B47E-CFEB-4B3C-876B-8C57ACF18C10}.Debug|Any CPU.ActiveCfg = Debug|Any CPU
		{0E42B47E-CFEB-4B3C-876B-8C57ACF18C10}.Debug|Any CPU.Build.0 = Debug|Any CPU
		{0E42B47E-CFEB-4B3C-876B-8C57ACF18C10}.Release|Any CPU.ActiveCfg = Release|Any CPU
		{0E42B47E-CFEB-4B3C-876B-8C57ACF18C10}.Release|Any CPU.Build.0 = Release|Any CPU
		{F14066C4-6EA9-4431-9A16-079BF7A96BE0}.Debug|Any CPU.ActiveCfg = Debug|Any CPU
		{F14066C4-6EA9-4431-9A16-079BF7A96BE0}.Debug|Any CPU.Build.0 = Debug|Any CPU
		{F14066C4-6EA9-4431-9A16-079BF7A96BE0}.Release|Any CPU.ActiveCfg = Release|Any CPU
		{F14066C4-6EA9-4431-9A16-079BF7A96BE0}.Release|Any CPU.Build.0 = Release|Any CPU
		{BDEA4B8C-4987-4490-9728-92FF20E2BC7F}.Debug|Any CPU.ActiveCfg = Debug|Any CPU
		{BDEA4B8C-4987-4490-9728-92FF20E2BC7F}.Debug|Any CPU.Build.0 = Debug|Any CPU
		{BDEA4B8C-4987-4490-9728-92FF20E2BC7F}.Release|Any CPU.ActiveCfg = Release|Any CPU
		{BDEA4B8C-4987-4490-9728-92FF20E2BC7F}.Release|Any CPU.Build.0 = Release|Any CPU
		{E915431D-199E-4793-98CA-D26C92A2BE92}.Debug|Any CPU.ActiveCfg = Debug|Any CPU
		{E915431D-199E-4793-98CA-D26C92A2BE92}.Debug|Any CPU.Build.0 = Debug|Any CPU
		{E915431D-199E-4793-98CA-D26C92A2BE92}.Release|Any CPU.ActiveCfg = Release|Any CPU
		{E915431D-199E-4793-98CA-D26C92A2BE92}.Release|Any CPU.Build.0 = Release|Any CPU
		{DA0A3010-F344-491E-92C5-15CA4C8CFF90}.Debug|Any CPU.ActiveCfg = Debug|Any CPU
		{DA0A3010-F344-491E-92C5-15CA4C8CFF90}.Debug|Any CPU.Build.0 = Debug|Any CPU
		{DA0A3010-F344-491E-92C5-15CA4C8CFF90}.Release|Any CPU.ActiveCfg = Release|Any CPU
		{DA0A3010-F344-491E-92C5-15CA4C8CFF90}.Release|Any CPU.Build.0 = Release|Any CPU
		{3A4CAF86-0EF7-475C-896D-3724E97B7B87}.Debug|Any CPU.ActiveCfg = Debug|Any CPU
		{3A4CAF86-0EF7-475C-896D-3724E97B7B87}.Debug|Any CPU.Build.0 = Debug|Any CPU
		{3A4CAF86-0EF7-475C-896D-3724E97B7B87}.Release|Any CPU.ActiveCfg = Release|Any CPU
		{3A4CAF86-0EF7-475C-896D-3724E97B7B87}.Release|Any CPU.Build.0 = Release|Any CPU
		{AB0F932F-9CD4-4642-8858-6873C676CC07}.Debug|Any CPU.ActiveCfg = Debug|Any CPU
		{AB0F932F-9CD4-4642-8858-6873C676CC07}.Debug|Any CPU.Build.0 = Debug|Any CPU
		{AB0F932F-9CD4-4642-8858-6873C676CC07}.Release|Any CPU.ActiveCfg = Release|Any CPU
		{AB0F932F-9CD4-4642-8858-6873C676CC07}.Release|Any CPU.Build.0 = Release|Any CPU
		{9DDC6C85-4AD5-4A60-A33B-B947A07AA4BE}.Debug|Any CPU.ActiveCfg = Debug|Any CPU
		{9DDC6C85-4AD5-4A60-A33B-B947A07AA4BE}.Debug|Any CPU.Build.0 = Debug|Any CPU
		{9DDC6C85-4AD5-4A60-A33B-B947A07AA4BE}.Release|Any CPU.ActiveCfg = Release|Any CPU
		{9DDC6C85-4AD5-4A60-A33B-B947A07AA4BE}.Release|Any CPU.Build.0 = Release|Any CPU
		{F28755D8-B9D8-4D38-889F-E1C0A0909D36}.Debug|Any CPU.ActiveCfg = Debug|Any CPU
		{F28755D8-B9D8-4D38-889F-E1C0A0909D36}.Debug|Any CPU.Build.0 = Debug|Any CPU
		{F28755D8-B9D8-4D38-889F-E1C0A0909D36}.Release|Any CPU.ActiveCfg = Release|Any CPU
		{F28755D8-B9D8-4D38-889F-E1C0A0909D36}.Release|Any CPU.Build.0 = Release|Any CPU
		{A82FC36D-CD9E-4CAA-9EF3-20080AEDCE1D}.Debug|Any CPU.ActiveCfg = Debug|Any CPU
		{A82FC36D-CD9E-4CAA-9EF3-20080AEDCE1D}.Debug|Any CPU.Build.0 = Debug|Any CPU
		{A82FC36D-CD9E-4CAA-9EF3-20080AEDCE1D}.Release|Any CPU.ActiveCfg = Release|Any CPU
		{A82FC36D-CD9E-4CAA-9EF3-20080AEDCE1D}.Release|Any CPU.Build.0 = Release|Any CPU
		{7B62D471-2ACF-4EB6-BC2B-FE7F6EEF6C70}.Debug|Any CPU.ActiveCfg = Debug|Any CPU
		{7B62D471-2ACF-4EB6-BC2B-FE7F6EEF6C70}.Debug|Any CPU.Build.0 = Debug|Any CPU
		{7B62D471-2ACF-4EB6-BC2B-FE7F6EEF6C70}.Release|Any CPU.ActiveCfg = Release|Any CPU
		{7B62D471-2ACF-4EB6-BC2B-FE7F6EEF6C70}.Release|Any CPU.Build.0 = Release|Any CPU
		{4D972B69-13A9-44B0-ABF7-E3ABBCAB5098}.Debug|Any CPU.ActiveCfg = Debug|Any CPU
		{4D972B69-13A9-44B0-ABF7-E3ABBCAB5098}.Debug|Any CPU.Build.0 = Debug|Any CPU
		{4D972B69-13A9-44B0-ABF7-E3ABBCAB5098}.Release|Any CPU.ActiveCfg = Release|Any CPU
		{4D972B69-13A9-44B0-ABF7-E3ABBCAB5098}.Release|Any CPU.Build.0 = Release|Any CPU
		{8225232B-E504-405A-B8A8-4F1E84E94FE9}.Debug|Any CPU.ActiveCfg = Debug|Any CPU
		{8225232B-E504-405A-B8A8-4F1E84E94FE9}.Debug|Any CPU.Build.0 = Debug|Any CPU
		{8225232B-E504-405A-B8A8-4F1E84E94FE9}.Release|Any CPU.ActiveCfg = Release|Any CPU
		{8225232B-E504-405A-B8A8-4F1E84E94FE9}.Release|Any CPU.Build.0 = Release|Any CPU
		{BAE8799C-A292-481D-AD6F-EA9087004877}.Debug|Any CPU.ActiveCfg = Debug|Any CPU
		{BAE8799C-A292-481D-AD6F-EA9087004877}.Debug|Any CPU.Build.0 = Debug|Any CPU
		{BAE8799C-A292-481D-AD6F-EA9087004877}.Release|Any CPU.ActiveCfg = Release|Any CPU
		{BAE8799C-A292-481D-AD6F-EA9087004877}.Release|Any CPU.Build.0 = Release|Any CPU
		{62006423-4E59-405B-A069-4E8881C60EB6}.Debug|Any CPU.ActiveCfg = Debug|Any CPU
		{62006423-4E59-405B-A069-4E8881C60EB6}.Debug|Any CPU.Build.0 = Debug|Any CPU
		{62006423-4E59-405B-A069-4E8881C60EB6}.Release|Any CPU.ActiveCfg = Release|Any CPU
		{62006423-4E59-405B-A069-4E8881C60EB6}.Release|Any CPU.Build.0 = Release|Any CPU
		{52F2598A-8964-43C8-A58E-AF460D2B3CEF}.Debug|Any CPU.ActiveCfg = Debug|Any CPU
		{52F2598A-8964-43C8-A58E-AF460D2B3CEF}.Debug|Any CPU.Build.0 = Debug|Any CPU
		{52F2598A-8964-43C8-A58E-AF460D2B3CEF}.Release|Any CPU.ActiveCfg = Release|Any CPU
		{52F2598A-8964-43C8-A58E-AF460D2B3CEF}.Release|Any CPU.Build.0 = Release|Any CPU
		{FDB260D2-9AA7-465A-9810-0D6DF85C3C6E}.Debug|Any CPU.ActiveCfg = Debug|Any CPU
		{FDB260D2-9AA7-465A-9810-0D6DF85C3C6E}.Debug|Any CPU.Build.0 = Debug|Any CPU
		{FDB260D2-9AA7-465A-9810-0D6DF85C3C6E}.Release|Any CPU.ActiveCfg = Release|Any CPU
		{FDB260D2-9AA7-465A-9810-0D6DF85C3C6E}.Release|Any CPU.Build.0 = Release|Any CPU
		{9578AA36-D1E2-40AE-81E6-95C15F8B7CB4}.Debug|Any CPU.ActiveCfg = Debug|Any CPU
		{9578AA36-D1E2-40AE-81E6-95C15F8B7CB4}.Debug|Any CPU.Build.0 = Debug|Any CPU
		{9578AA36-D1E2-40AE-81E6-95C15F8B7CB4}.Release|Any CPU.ActiveCfg = Release|Any CPU
		{9578AA36-D1E2-40AE-81E6-95C15F8B7CB4}.Release|Any CPU.Build.0 = Release|Any CPU
		{5A7B29B2-37A5-4C15-81DC-68D68753C7B2}.Debug|Any CPU.ActiveCfg = Debug|Any CPU
		{5A7B29B2-37A5-4C15-81DC-68D68753C7B2}.Debug|Any CPU.Build.0 = Debug|Any CPU
		{5A7B29B2-37A5-4C15-81DC-68D68753C7B2}.Release|Any CPU.ActiveCfg = Release|Any CPU
		{5A7B29B2-37A5-4C15-81DC-68D68753C7B2}.Release|Any CPU.Build.0 = Release|Any CPU
		{1CAC52D7-8490-4560-B4BE-30B1F8D00016}.Debug|Any CPU.ActiveCfg = Debug|Any CPU
		{1CAC52D7-8490-4560-B4BE-30B1F8D00016}.Debug|Any CPU.Build.0 = Debug|Any CPU
		{1CAC52D7-8490-4560-B4BE-30B1F8D00016}.Release|Any CPU.ActiveCfg = Release|Any CPU
		{1CAC52D7-8490-4560-B4BE-30B1F8D00016}.Release|Any CPU.Build.0 = Release|Any CPU
		{1BAD25DD-5838-4D49-8529-9BF67F9134DA}.Debug|Any CPU.ActiveCfg = Debug|Any CPU
		{1BAD25DD-5838-4D49-8529-9BF67F9134DA}.Debug|Any CPU.Build.0 = Debug|Any CPU
		{1BAD25DD-5838-4D49-8529-9BF67F9134DA}.Release|Any CPU.ActiveCfg = Release|Any CPU
		{1BAD25DD-5838-4D49-8529-9BF67F9134DA}.Release|Any CPU.Build.0 = Release|Any CPU
		{E3031932-47C2-45C5-B865-3D7CBBD0A3E0}.Debug|Any CPU.ActiveCfg = Debug|Any CPU
		{E3031932-47C2-45C5-B865-3D7CBBD0A3E0}.Debug|Any CPU.Build.0 = Debug|Any CPU
		{E3031932-47C2-45C5-B865-3D7CBBD0A3E0}.Release|Any CPU.ActiveCfg = Release|Any CPU
		{E3031932-47C2-45C5-B865-3D7CBBD0A3E0}.Release|Any CPU.Build.0 = Release|Any CPU
		{D6CC1B54-D456-4C3B-A470-CCC089637C08}.Debug|Any CPU.ActiveCfg = Debug|Any CPU
		{D6CC1B54-D456-4C3B-A470-CCC089637C08}.Debug|Any CPU.Build.0 = Debug|Any CPU
		{D6CC1B54-D456-4C3B-A470-CCC089637C08}.Release|Any CPU.ActiveCfg = Release|Any CPU
		{D6CC1B54-D456-4C3B-A470-CCC089637C08}.Release|Any CPU.Build.0 = Release|Any CPU
		{3D5CA600-91C3-429E-A7DC-D37C96BA5C6A}.Debug|Any CPU.ActiveCfg = Debug|Any CPU
		{3D5CA600-91C3-429E-A7DC-D37C96BA5C6A}.Debug|Any CPU.Build.0 = Debug|Any CPU
		{3D5CA600-91C3-429E-A7DC-D37C96BA5C6A}.Release|Any CPU.ActiveCfg = Release|Any CPU
		{3D5CA600-91C3-429E-A7DC-D37C96BA5C6A}.Release|Any CPU.Build.0 = Release|Any CPU
		{0BB13749-1008-46C3-A7B3-81032EFDC1EA}.Debug|Any CPU.ActiveCfg = Debug|Any CPU
		{0BB13749-1008-46C3-A7B3-81032EFDC1EA}.Debug|Any CPU.Build.0 = Debug|Any CPU
		{0BB13749-1008-46C3-A7B3-81032EFDC1EA}.Release|Any CPU.ActiveCfg = Release|Any CPU
		{0BB13749-1008-46C3-A7B3-81032EFDC1EA}.Release|Any CPU.Build.0 = Release|Any CPU
	EndGlobalSection
	GlobalSection(SolutionProperties) = preSolution
		HideSolutionNode = FALSE
	EndGlobalSection
	GlobalSection(ExtensibilityGlobals) = postSolution
		SolutionGuid = {18B615FD-CA50-445D-8597-9F77F6493C89}
	EndGlobalSection
EndGlobal
